// !$*UTF8*$!
{
	archiveVersion = 1;
	classes = {
	};
	objectVersion = 50;
	objects = {

/* Begin PBXBuildFile section */
		868AF5472719605C009C7BFD /* AppDelegate.swift in Sources */ = {isa = PBXBuildFile; fileRef = 868AF5462719605C009C7BFD /* AppDelegate.swift */; };
		868AF5492719605C009C7BFD /* SceneDelegate.swift in Sources */ = {isa = PBXBuildFile; fileRef = 868AF5482719605C009C7BFD /* SceneDelegate.swift */; };
		868AF54E2719605C009C7BFD /* Main.storyboard in Resources */ = {isa = PBXBuildFile; fileRef = 868AF54C2719605C009C7BFD /* Main.storyboard */; };
		868AF5502719605F009C7BFD /* Assets.xcassets in Resources */ = {isa = PBXBuildFile; fileRef = 868AF54F2719605F009C7BFD /* Assets.xcassets */; };
		868AF5532719605F009C7BFD /* LaunchScreen.storyboard in Resources */ = {isa = PBXBuildFile; fileRef = 868AF5512719605F009C7BFD /* LaunchScreen.storyboard */; };
		868AF55E27196060009C7BFD /* MVVMAbbrivationTests.swift in Sources */ = {isa = PBXBuildFile; fileRef = 868AF55D27196060009C7BFD /* MVVMAbbrivationTests.swift */; };
		868AF56927196060009C7BFD /* MVVMAbbrivationUITests.swift in Sources */ = {isa = PBXBuildFile; fileRef = 868AF56827196060009C7BFD /* MVVMAbbrivationUITests.swift */; };
		868AF57927196126009C7BFD /* AbbrivationHomeModal.swift in Sources */ = {isa = PBXBuildFile; fileRef = 868AF57627196126009C7BFD /* AbbrivationHomeModal.swift */; };
		868AF57A27196126009C7BFD /* AbbrivationHomeViewModal.swift in Sources */ = {isa = PBXBuildFile; fileRef = 868AF57727196126009C7BFD /* AbbrivationHomeViewModal.swift */; };
		868AF57B27196126009C7BFD /* AbbrivationHomePage.swift in Sources */ = {isa = PBXBuildFile; fileRef = 868AF57827196126009C7BFD /* AbbrivationHomePage.swift */; };
/* End PBXBuildFile section */

/* Begin PBXContainerItemProxy section */
		868AF55A27196060009C7BFD /* PBXContainerItemProxy */ = {
			isa = PBXContainerItemProxy;
			containerPortal = 868AF53B2719605C009C7BFD /* Project object */;
			proxyType = 1;
			remoteGlobalIDString = 868AF5422719605C009C7BFD;
			remoteInfo = MVVMAbbrivation;
		};
		868AF56527196060009C7BFD /* PBXContainerItemProxy */ = {
			isa = PBXContainerItemProxy;
			containerPortal = 868AF53B2719605C009C7BFD /* Project object */;
			proxyType = 1;
			remoteGlobalIDString = 868AF5422719605C009C7BFD;
			remoteInfo = MVVMAbbrivation;
		};
/* End PBXContainerItemProxy section */

/* Begin PBXFileReference section */
		868AF5432719605C009C7BFD /* MVVMAbbrivation.app */ = {isa = PBXFileReference; explicitFileType = wrapper.application; includeInIndex = 0; path = MVVMAbbrivation.app; sourceTree = BUILT_PRODUCTS_DIR; };
		868AF5462719605C009C7BFD /* AppDelegate.swift */ = {isa = PBXFileReference; lastKnownFileType = sourcecode.swift; path = AppDelegate.swift; sourceTree = "<group>"; };
		868AF5482719605C009C7BFD /* SceneDelegate.swift */ = {isa = PBXFileReference; lastKnownFileType = sourcecode.swift; path = SceneDelegate.swift; sourceTree = "<group>"; };
		868AF54D2719605C009C7BFD /* Base */ = {isa = PBXFileReference; lastKnownFileType = file.storyboard; name = Base; path = Base.lproj/Main.storyboard; sourceTree = "<group>"; };
		868AF54F2719605F009C7BFD /* Assets.xcassets */ = {isa = PBXFileReference; lastKnownFileType = folder.assetcatalog; path = Assets.xcassets; sourceTree = "<group>"; };
		868AF5522719605F009C7BFD /* Base */ = {isa = PBXFileReference; lastKnownFileType = file.storyboard; name = Base; path = Base.lproj/LaunchScreen.storyboard; sourceTree = "<group>"; };
		868AF5542719605F009C7BFD /* Info.plist */ = {isa = PBXFileReference; lastKnownFileType = text.plist.xml; path = Info.plist; sourceTree = "<group>"; };
		868AF55927196060009C7BFD /* MVVMAbbrivationTests.xctest */ = {isa = PBXFileReference; explicitFileType = wrapper.cfbundle; includeInIndex = 0; path = MVVMAbbrivationTests.xctest; sourceTree = BUILT_PRODUCTS_DIR; };
		868AF55D27196060009C7BFD /* MVVMAbbrivationTests.swift */ = {isa = PBXFileReference; lastKnownFileType = sourcecode.swift; path = MVVMAbbrivationTests.swift; sourceTree = "<group>"; };
		868AF55F27196060009C7BFD /* Info.plist */ = {isa = PBXFileReference; lastKnownFileType = text.plist.xml; path = Info.plist; sourceTree = "<group>"; };
		868AF56427196060009C7BFD /* MVVMAbbrivationUITests.xctest */ = {isa = PBXFileReference; explicitFileType = wrapper.cfbundle; includeInIndex = 0; path = MVVMAbbrivationUITests.xctest; sourceTree = BUILT_PRODUCTS_DIR; };
		868AF56827196060009C7BFD /* MVVMAbbrivationUITests.swift */ = {isa = PBXFileReference; lastKnownFileType = sourcecode.swift; path = MVVMAbbrivationUITests.swift; sourceTree = "<group>"; };
		868AF56A27196060009C7BFD /* Info.plist */ = {isa = PBXFileReference; lastKnownFileType = text.plist.xml; path = Info.plist; sourceTree = "<group>"; };
		868AF57627196126009C7BFD /* AbbrivationHomeModal.swift */ = {isa = PBXFileReference; fileEncoding = 4; lastKnownFileType = sourcecode.swift; path = AbbrivationHomeModal.swift; sourceTree = "<group>"; };
		868AF57727196126009C7BFD /* AbbrivationHomeViewModal.swift */ = {isa = PBXFileReference; fileEncoding = 4; lastKnownFileType = sourcecode.swift; path = AbbrivationHomeViewModal.swift; sourceTree = "<group>"; };
		868AF57827196126009C7BFD /* AbbrivationHomePage.swift */ = {isa = PBXFileReference; fileEncoding = 4; lastKnownFileType = sourcecode.swift; path = AbbrivationHomePage.swift; sourceTree = "<group>"; };
/* End PBXFileReference section */

/* Begin PBXFrameworksBuildPhase section */
		868AF5402719605C009C7BFD /* Frameworks */ = {
			isa = PBXFrameworksBuildPhase;
			buildActionMask = 2147483647;
			files = (
			);
			runOnlyForDeploymentPostprocessing = 0;
		};
		868AF55627196060009C7BFD /* Frameworks */ = {
			isa = PBXFrameworksBuildPhase;
			buildActionMask = 2147483647;
			files = (
			);
			runOnlyForDeploymentPostprocessing = 0;
		};
		868AF56127196060009C7BFD /* Frameworks */ = {
			isa = PBXFrameworksBuildPhase;
			buildActionMask = 2147483647;
			files = (
			);
			runOnlyForDeploymentPostprocessing = 0;
		};
/* End PBXFrameworksBuildPhase section */

/* Begin PBXGroup section */
		868AF53A2719605C009C7BFD = {
			isa = PBXGroup;
			children = (
				868AF5452719605C009C7BFD /* MVVMAbbrivation */,
				868AF55C27196060009C7BFD /* MVVMAbbrivationTests */,
				868AF56727196060009C7BFD /* MVVMAbbrivationUITests */,
				868AF5442719605C009C7BFD /* Products */,
			);
			sourceTree = "<group>";
		};
		868AF5442719605C009C7BFD /* Products */ = {
			isa = PBXGroup;
			children = (
				868AF5432719605C009C7BFD /* MVVMAbbrivation.app */,
				868AF55927196060009C7BFD /* MVVMAbbrivationTests.xctest */,
				868AF56427196060009C7BFD /* MVVMAbbrivationUITests.xctest */,
			);
			name = Products;
			sourceTree = "<group>";
		};
		868AF5452719605C009C7BFD /* MVVMAbbrivation */ = {
			isa = PBXGroup;
			children = (
				868AF5462719605C009C7BFD /* AppDelegate.swift */,
				868AF5482719605C009C7BFD /* SceneDelegate.swift */,
				86B8810F271D48A10005CAFC /* View */,
				86B88110271D48AE0005CAFC /* Model */,
				86B88111271D48B70005CAFC /* Controller */,
				868AF54C2719605C009C7BFD /* Main.storyboard */,
				868AF54F2719605F009C7BFD /* Assets.xcassets */,
				868AF5512719605F009C7BFD /* LaunchScreen.storyboard */,
				868AF5542719605F009C7BFD /* Info.plist */,
			);
			path = MVVMAbbrivation;
			sourceTree = "<group>";
		};
		868AF55C27196060009C7BFD /* MVVMAbbrivationTests */ = {
			isa = PBXGroup;
			children = (
				868AF55D27196060009C7BFD /* MVVMAbbrivationTests.swift */,
				868AF55F27196060009C7BFD /* Info.plist */,
			);
			path = MVVMAbbrivationTests;
			sourceTree = "<group>";
		};
		868AF56727196060009C7BFD /* MVVMAbbrivationUITests */ = {
			isa = PBXGroup;
			children = (
				868AF56827196060009C7BFD /* MVVMAbbrivationUITests.swift */,
				868AF56A27196060009C7BFD /* Info.plist */,
			);
			path = MVVMAbbrivationUITests;
			sourceTree = "<group>";
		};
		86B8810F271D48A10005CAFC /* View */ = {
			isa = PBXGroup;
			children = (
				868AF57727196126009C7BFD /* AbbrivationHomeViewModal.swift */,
			);
			path = View;
			sourceTree = "<group>";
		};
		86B88110271D48AE0005CAFC /* Model */ = {
			isa = PBXGroup;
			children = (
				868AF57627196126009C7BFD /* AbbrivationHomeModal.swift */,
			);
			path = Model;
			sourceTree = "<group>";
		};
		86B88111271D48B70005CAFC /* Controller */ = {
			isa = PBXGroup;
			children = (
				868AF57827196126009C7BFD /* AbbrivationHomePage.swift */,
			);
			path = Controller;
			sourceTree = "<group>";
		};
/* End PBXGroup section */

/* Begin PBXNativeTarget section */
		868AF5422719605C009C7BFD /* MVVMAbbrivation */ = {
			isa = PBXNativeTarget;
			buildConfigurationList = 868AF56D27196060009C7BFD /* Build configuration list for PBXNativeTarget "MVVMAbbrivation" */;
			buildPhases = (
				868AF53F2719605C009C7BFD /* Sources */,
				868AF5402719605C009C7BFD /* Frameworks */,
				868AF5412719605C009C7BFD /* Resources */,
			);
			buildRules = (
			);
			dependencies = (
			);
			name = MVVMAbbrivation;
			productName = MVVMAbbrivation;
			productReference = 868AF5432719605C009C7BFD /* MVVMAbbrivation.app */;
			productType = "com.apple.product-type.application";
		};
		868AF55827196060009C7BFD /* MVVMAbbrivationTests */ = {
			isa = PBXNativeTarget;
			buildConfigurationList = 868AF57027196060009C7BFD /* Build configuration list for PBXNativeTarget "MVVMAbbrivationTests" */;
			buildPhases = (
				868AF55527196060009C7BFD /* Sources */,
				868AF55627196060009C7BFD /* Frameworks */,
				868AF55727196060009C7BFD /* Resources */,
			);
			buildRules = (
			);
			dependencies = (
				868AF55B27196060009C7BFD /* PBXTargetDependency */,
			);
			name = MVVMAbbrivationTests;
			productName = MVVMAbbrivationTests;
			productReference = 868AF55927196060009C7BFD /* MVVMAbbrivationTests.xctest */;
			productType = "com.apple.product-type.bundle.unit-test";
		};
		868AF56327196060009C7BFD /* MVVMAbbrivationUITests */ = {
			isa = PBXNativeTarget;
			buildConfigurationList = 868AF57327196060009C7BFD /* Build configuration list for PBXNativeTarget "MVVMAbbrivationUITests" */;
			buildPhases = (
				868AF56027196060009C7BFD /* Sources */,
				868AF56127196060009C7BFD /* Frameworks */,
				868AF56227196060009C7BFD /* Resources */,
			);
			buildRules = (
			);
			dependencies = (
				868AF56627196060009C7BFD /* PBXTargetDependency */,
			);
			name = MVVMAbbrivationUITests;
			productName = MVVMAbbrivationUITests;
			productReference = 868AF56427196060009C7BFD /* MVVMAbbrivationUITests.xctest */;
			productType = "com.apple.product-type.bundle.ui-testing";
		};
/* End PBXNativeTarget section */

/* Begin PBXProject section */
		868AF53B2719605C009C7BFD /* Project object */ = {
			isa = PBXProject;
			attributes = {
				LastSwiftUpdateCheck = 1250;
				LastUpgradeCheck = 1250;
				TargetAttributes = {
					868AF5422719605C009C7BFD = {
						CreatedOnToolsVersion = 12.5;
					};
					868AF55827196060009C7BFD = {
						CreatedOnToolsVersion = 12.5;
						TestTargetID = 868AF5422719605C009C7BFD;
					};
					868AF56327196060009C7BFD = {
						CreatedOnToolsVersion = 12.5;
						TestTargetID = 868AF5422719605C009C7BFD;
					};
				};
			};
			buildConfigurationList = 868AF53E2719605C009C7BFD /* Build configuration list for PBXProject "MVVMAbbrivation" */;
			compatibilityVersion = "Xcode 9.3";
			developmentRegion = en;
			hasScannedForEncodings = 0;
			knownRegions = (
				en,
				Base,
			);
			mainGroup = 868AF53A2719605C009C7BFD;
			productRefGroup = 868AF5442719605C009C7BFD /* Products */;
			projectDirPath = "";
			projectRoot = "";
			targets = (
				868AF5422719605C009C7BFD /* MVVMAbbrivation */,
				868AF55827196060009C7BFD /* MVVMAbbrivationTests */,
				868AF56327196060009C7BFD /* MVVMAbbrivationUITests */,
			);
		};
/* End PBXProject section */

/* Begin PBXResourcesBuildPhase section */
		868AF5412719605C009C7BFD /* Resources */ = {
			isa = PBXResourcesBuildPhase;
			buildActionMask = 2147483647;
			files = (
				868AF5532719605F009C7BFD /* LaunchScreen.storyboard in Resources */,
				868AF5502719605F009C7BFD /* Assets.xcassets in Resources */,
				868AF54E2719605C009C7BFD /* Main.storyboard in Resources */,
			);
			runOnlyForDeploymentPostprocessing = 0;
		};
		868AF55727196060009C7BFD /* Resources */ = {
			isa = PBXResourcesBuildPhase;
			buildActionMask = 2147483647;
			files = (
			);
			runOnlyForDeploymentPostprocessing = 0;
		};
		868AF56227196060009C7BFD /* Resources */ = {
			isa = PBXResourcesBuildPhase;
			buildActionMask = 2147483647;
			files = (
			);
			runOnlyForDeploymentPostprocessing = 0;
		};
/* End PBXResourcesBuildPhase section */

/* Begin PBXSourcesBuildPhase section */
		868AF53F2719605C009C7BFD /* Sources */ = {
			isa = PBXSourcesBuildPhase;
			buildActionMask = 2147483647;
			files = (
				868AF57927196126009C7BFD /* AbbrivationHomeModal.swift in Sources */,
				868AF57A27196126009C7BFD /* AbbrivationHomeViewModal.swift in Sources */,
				868AF57B27196126009C7BFD /* AbbrivationHomePage.swift in Sources */,
				868AF5472719605C009C7BFD /* AppDelegate.swift in Sources */,
				868AF5492719605C009C7BFD /* SceneDelegate.swift in Sources */,
			);
			runOnlyForDeploymentPostprocessing = 0;
		};
		868AF55527196060009C7BFD /* Sources */ = {
			isa = PBXSourcesBuildPhase;
			buildActionMask = 2147483647;
			files = (
				868AF55E27196060009C7BFD /* MVVMAbbrivationTests.swift in Sources */,
			);
			runOnlyForDeploymentPostprocessing = 0;
		};
		868AF56027196060009C7BFD /* Sources */ = {
			isa = PBXSourcesBuildPhase;
			buildActionMask = 2147483647;
			files = (
				868AF56927196060009C7BFD /* MVVMAbbrivationUITests.swift in Sources */,
			);
			runOnlyForDeploymentPostprocessing = 0;
		};
/* End PBXSourcesBuildPhase section */

/* Begin PBXTargetDependency section */
		868AF55B27196060009C7BFD /* PBXTargetDependency */ = {
			isa = PBXTargetDependency;
			target = 868AF5422719605C009C7BFD /* MVVMAbbrivation */;
			targetProxy = 868AF55A27196060009C7BFD /* PBXContainerItemProxy */;
		};
		868AF56627196060009C7BFD /* PBXTargetDependency */ = {
			isa = PBXTargetDependency;
			target = 868AF5422719605C009C7BFD /* MVVMAbbrivation */;
			targetProxy = 868AF56527196060009C7BFD /* PBXContainerItemProxy */;
		};
/* End PBXTargetDependency section */

/* Begin PBXVariantGroup section */
		868AF54C2719605C009C7BFD /* Main.storyboard */ = {
			isa = PBXVariantGroup;
			children = (
				868AF54D2719605C009C7BFD /* Base */,
			);
			name = Main.storyboard;
			sourceTree = "<group>";
		};
		868AF5512719605F009C7BFD /* LaunchScreen.storyboard */ = {
			isa = PBXVariantGroup;
			children = (
				868AF5522719605F009C7BFD /* Base */,
			);
			name = LaunchScreen.storyboard;
			sourceTree = "<group>";
		};
/* End PBXVariantGroup section */

/* Begin XCBuildConfiguration section */
		868AF56B27196060009C7BFD /* Debug */ = {
			isa = XCBuildConfiguration;
			buildSettings = {
				ALWAYS_SEARCH_USER_PATHS = NO;
				CLANG_ANALYZER_NONNULL = YES;
				CLANG_ANALYZER_NUMBER_OBJECT_CONVERSION = YES_AGGRESSIVE;
				CLANG_CXX_LANGUAGE_STANDARD = "gnu++14";
				CLANG_CXX_LIBRARY = "libc++";
				CLANG_ENABLE_MODULES = YES;
				CLANG_ENABLE_OBJC_ARC = YES;
				CLANG_ENABLE_OBJC_WEAK = YES;
				CLANG_WARN_BLOCK_CAPTURE_AUTORELEASING = YES;
				CLANG_WARN_BOOL_CONVERSION = YES;
				CLANG_WARN_COMMA = YES;
				CLANG_WARN_CONSTANT_CONVERSION = YES;
				CLANG_WARN_DEPRECATED_OBJC_IMPLEMENTATIONS = YES;
				CLANG_WARN_DIRECT_OBJC_ISA_USAGE = YES_ERROR;
				CLANG_WARN_DOCUMENTATION_COMMENTS = YES;
				CLANG_WARN_EMPTY_BODY = YES;
				CLANG_WARN_ENUM_CONVERSION = YES;
				CLANG_WARN_INFINITE_RECURSION = YES;
				CLANG_WARN_INT_CONVERSION = YES;
				CLANG_WARN_NON_LITERAL_NULL_CONVERSION = YES;
				CLANG_WARN_OBJC_IMPLICIT_RETAIN_SELF = YES;
				CLANG_WARN_OBJC_LITERAL_CONVERSION = YES;
				CLANG_WARN_OBJC_ROOT_CLASS = YES_ERROR;
				CLANG_WARN_QUOTED_INCLUDE_IN_FRAMEWORK_HEADER = YES;
				CLANG_WARN_RANGE_LOOP_ANALYSIS = YES;
				CLANG_WARN_STRICT_PROTOTYPES = YES;
				CLANG_WARN_SUSPICIOUS_MOVE = YES;
				CLANG_WARN_UNGUARDED_AVAILABILITY = YES_AGGRESSIVE;
				CLANG_WARN_UNREACHABLE_CODE = YES;
				CLANG_WARN__DUPLICATE_METHOD_MATCH = YES;
				COPY_PHASE_STRIP = NO;
				DEBUG_INFORMATION_FORMAT = dwarf;
				ENABLE_STRICT_OBJC_MSGSEND = YES;
				ENABLE_TESTABILITY = YES;
				GCC_C_LANGUAGE_STANDARD = gnu11;
				GCC_DYNAMIC_NO_PIC = NO;
				GCC_NO_COMMON_BLOCKS = YES;
				GCC_OPTIMIZATION_LEVEL = 0;
				GCC_PREPROCESSOR_DEFINITIONS = (
					"DEBUG=1",
					"$(inherited)",
				);
				GCC_WARN_64_TO_32_BIT_CONVERSION = YES;
				GCC_WARN_ABOUT_RETURN_TYPE = YES_ERROR;
				GCC_WARN_UNDECLARED_SELECTOR = YES;
				GCC_WARN_UNINITIALIZED_AUTOS = YES_AGGRESSIVE;
				GCC_WARN_UNUSED_FUNCTION = YES;
				GCC_WARN_UNUSED_VARIABLE = YES;
				IPHONEOS_DEPLOYMENT_TARGET = 14.5;
				MTL_ENABLE_DEBUG_INFO = INCLUDE_SOURCE;
				MTL_FAST_MATH = YES;
				ONLY_ACTIVE_ARCH = YES;
				SDKROOT = iphoneos;
				SWIFT_ACTIVE_COMPILATION_CONDITIONS = DEBUG;
				SWIFT_OPTIMIZATION_LEVEL = "-Onone";
			};
			name = Debug;
		};
		868AF56C27196060009C7BFD /* Release */ = {
			isa = XCBuildConfiguration;
			buildSettings = {
				ALWAYS_SEARCH_USER_PATHS = NO;
				CLANG_ANALYZER_NONNULL = YES;
				CLANG_ANALYZER_NUMBER_OBJECT_CONVERSION = YES_AGGRESSIVE;
				CLANG_CXX_LANGUAGE_STANDARD = "gnu++14";
				CLANG_CXX_LIBRARY = "libc++";
				CLANG_ENABLE_MODULES = YES;
				CLANG_ENABLE_OBJC_ARC = YES;
				CLANG_ENABLE_OBJC_WEAK = YES;
				CLANG_WARN_BLOCK_CAPTURE_AUTORELEASING = YES;
				CLANG_WARN_BOOL_CONVERSION = YES;
				CLANG_WARN_COMMA = YES;
				CLANG_WARN_CONSTANT_CONVERSION = YES;
				CLANG_WARN_DEPRECATED_OBJC_IMPLEMENTATIONS = YES;
				CLANG_WARN_DIRECT_OBJC_ISA_USAGE = YES_ERROR;
				CLANG_WARN_DOCUMENTATION_COMMENTS = YES;
				CLANG_WARN_EMPTY_BODY = YES;
				CLANG_WARN_ENUM_CONVERSION = YES;
				CLANG_WARN_INFINITE_RECURSION = YES;
				CLANG_WARN_INT_CONVERSION = YES;
				CLANG_WARN_NON_LITERAL_NULL_CONVERSION = YES;
				CLANG_WARN_OBJC_IMPLICIT_RETAIN_SELF = YES;
				CLANG_WARN_OBJC_LITERAL_CONVERSION = YES;
				CLANG_WARN_OBJC_ROOT_CLASS = YES_ERROR;
				CLANG_WARN_QUOTED_INCLUDE_IN_FRAMEWORK_HEADER = YES;
				CLANG_WARN_RANGE_LOOP_ANALYSIS = YES;
				CLANG_WARN_STRICT_PROTOTYPES = YES;
				CLANG_WARN_SUSPICIOUS_MOVE = YES;
				CLANG_WARN_UNGUARDED_AVAILABILITY = YES_AGGRESSIVE;
				CLANG_WARN_UNREACHABLE_CODE = YES;
				CLANG_WARN__DUPLICATE_METHOD_MATCH = YES;
				COPY_PHASE_STRIP = NO;
				DEBUG_INFORMATION_FORMAT = "dwarf-with-dsym";
				ENABLE_NS_ASSERTIONS = NO;
				ENABLE_STRICT_OBJC_MSGSEND = YES;
				GCC_C_LANGUAGE_STANDARD = gnu11;
				GCC_NO_COMMON_BLOCKS = YES;
				GCC_WARN_64_TO_32_BIT_CONVERSION = YES;
				GCC_WARN_ABOUT_RETURN_TYPE = YES_ERROR;
				GCC_WARN_UNDECLARED_SELECTOR = YES;
				GCC_WARN_UNINITIALIZED_AUTOS = YES_AGGRESSIVE;
				GCC_WARN_UNUSED_FUNCTION = YES;
				GCC_WARN_UNUSED_VARIABLE = YES;
				IPHONEOS_DEPLOYMENT_TARGET = 14.5;
				MTL_ENABLE_DEBUG_INFO = NO;
				MTL_FAST_MATH = YES;
				SDKROOT = iphoneos;
				SWIFT_COMPILATION_MODE = wholemodule;
				SWIFT_OPTIMIZATION_LEVEL = "-O";
				VALIDATE_PRODUCT = YES;
			};
			name = Release;
		};
		868AF56E27196060009C7BFD /* Debug */ = {
			isa = XCBuildConfiguration;
			buildSettings = {
				ASSETCATALOG_COMPILER_APPICON_NAME = AppIcon;
				ASSETCATALOG_COMPILER_GLOBAL_ACCENT_COLOR_NAME = AccentColor;
				CODE_SIGN_STYLE = Automatic;
				DEVELOPMENT_TEAM = N4QZVD2NVF;
				INFOPLIST_FILE = MVVMAbbrivation/Info.plist;
				LD_RUNPATH_SEARCH_PATHS = (
					"$(inherited)",
					"@executable_path/Frameworks",
				);
				PRODUCT_BUNDLE_IDENTIFIER = com.Adaptteq.MVVMAbbrivation;
				PRODUCT_NAME = "$(TARGET_NAME)";
				SWIFT_VERSION = 5.0;
				TARGETED_DEVICE_FAMILY = "1,2";
			};
			name = Debug;
		};
		868AF56F27196060009C7BFD /* Release */ = {
			isa = XCBuildConfiguration;
			buildSettings = {
				ASSETCATALOG_COMPILER_APPICON_NAME = AppIcon;
				ASSETCATALOG_COMPILER_GLOBAL_ACCENT_COLOR_NAME = AccentColor;
				CODE_SIGN_STYLE = Automatic;
				DEVELOPMENT_TEAM = N4QZVD2NVF;
				INFOPLIST_FILE = MVVMAbbrivation/Info.plist;
				LD_RUNPATH_SEARCH_PATHS = (
					"$(inherited)",
					"@executable_path/Frameworks",
				);
				PRODUCT_BUNDLE_IDENTIFIER = com.Adaptteq.MVVMAbbrivation;
				PRODUCT_NAME = "$(TARGET_NAME)";
				SWIFT_VERSION = 5.0;
				TARGETED_DEVICE_FAMILY = "1,2";
			};
			name = Release;
		};
		868AF57127196060009C7BFD /* Debug */ = {
			isa = XCBuildConfiguration;
			buildSettings = {
				ALWAYS_EMBED_SWIFT_STANDARD_LIBRARIES = YES;
				BUNDLE_LOADER = "$(TEST_HOST)";
				CODE_SIGN_STYLE = Automatic;
				DEVELOPMENT_TEAM = N4QZVD2NVF;
				INFOPLIST_FILE = MVVMAbbrivationTests/Info.plist;
				IPHONEOS_DEPLOYMENT_TARGET = 14.5;
				LD_RUNPATH_SEARCH_PATHS = (
					"$(inherited)",
					"@executable_path/Frameworks",
					"@loader_path/Frameworks",
				);
				PRODUCT_BUNDLE_IDENTIFIER = com.Adaptteq.MVVMAbbrivationTests;
				PRODUCT_NAME = "$(TARGET_NAME)";
				SWIFT_VERSION = 5.0;
				TARGETED_DEVICE_FAMILY = "1,2";
				TEST_HOST = "$(BUILT_PRODUCTS_DIR)/MVVMAbbrivation.app/MVVMAbbrivation";
			};
			name = Debug;
		};
		868AF57227196060009C7BFD /* Release */ = {
			isa = XCBuildConfiguration;
			buildSettings = {
				ALWAYS_EMBED_SWIFT_STANDARD_LIBRARIES = YES;
				BUNDLE_LOADER = "$(TEST_HOST)";
				CODE_SIGN_STYLE = Automatic;
				DEVELOPMENT_TEAM = N4QZVD2NVF;
				INFOPLIST_FILE = MVVMAbbrivationTests/Info.plist;
				IPHONEOS_DEPLOYMENT_TARGET = 14.5;
				LD_RUNPATH_SEARCH_PATHS = (
					"$(inherited)",
					"@executable_path/Frameworks",
					"@loader_path/Frameworks",
				);
				PRODUCT_BUNDLE_IDENTIFIER = com.Adaptteq.MVVMAbbrivationTests;
				PRODUCT_NAME = "$(TARGET_NAME)";
				SWIFT_VERSION = 5.0;
				TARGETED_DEVICE_FAMILY = "1,2";
				TEST_HOST = "$(BUILT_PRODUCTS_DIR)/MVVMAbbrivation.app/MVVMAbbrivation";
			};
			name = Release;
		};
		868AF57427196060009C7BFD /* Debug */ = {
			isa = XCBuildConfiguration;
			buildSettings = {
				ALWAYS_EMBED_SWIFT_STANDARD_LIBRARIES = YES;
				CODE_SIGN_STYLE = Automatic;
				DEVELOPMENT_TEAM = N4QZVD2NVF;
				INFOPLIST_FILE = MVVMAbbrivationUITests/Info.plist;
				LD_RUNPATH_SEARCH_PATHS = (
					"$(inherited)",
					"@executable_path/Frameworks",
					"@loader_path/Frameworks",
				);
				PRODUCT_BUNDLE_IDENTIFIER = com.Adaptteq.MVVMAbbrivationUITests;
				PRODUCT_NAME = "$(TARGET_NAME)";
				SWIFT_VERSION = 5.0;
				TARGETED_DEVICE_FAMILY = "1,2";
				TEST_TARGET_NAME = MVVMAbbrivation;
			};
			name = Debug;
		};
		868AF57527196060009C7BFD /* Release */ = {
			isa = XCBuildConfiguration;
			buildSettings = {
				ALWAYS_EMBED_SWIFT_STANDARD_LIBRARIES = YES;
				CODE_SIGN_STYLE = Automatic;
				DEVELOPMENT_TEAM = N4QZVD2NVF;
				INFOPLIST_FILE = MVVMAbbrivationUITests/Info.plist;
				LD_RUNPATH_SEARCH_PATHS = (
					"$(inherited)",
					"@executable_path/Frameworks",
					"@loader_path/Frameworks",
				);
				PRODUCT_BUNDLE_IDENTIFIER = com.Adaptteq.MVVMAbbrivationUITests;
				PRODUCT_NAME = "$(TARGET_NAME)";
				SWIFT_VERSION = 5.0;
				TARGETED_DEVICE_FAMILY = "1,2";
				TEST_TARGET_NAME = MVVMAbbrivation;
			};
			name = Release;
		};
/* End XCBuildConfiguration section */

/* Begin XCConfigurationList section */
		868AF53E2719605C009C7BFD /* Build configuration list for PBXProject "MVVMAbbrivation" */ = {
			isa = XCConfigurationList;
			buildConfigurations = (
				868AF56B27196060009C7BFD /* Debug */,
				868AF56C27196060009C7BFD /* Release */,
			);
			defaultConfigurationIsVisible = 0;
			defaultConfigurationName = Release;
		};
		868AF56D27196060009C7BFD /* Build configuration list for PBXNativeTarget "MVVMAbbrivation" */ = {
			isa = XCConfigurationList;
			buildConfigurations = (
				868AF56E27196060009C7BFD /* Debug */,
				868AF56F27196060009C7BFD /* Release */,
			);
			defaultConfigurationIsVisible = 0;
			defaultConfigurationName = Release;
		};
		868AF57027196060009C7BFD /* Build configuration list for PBXNativeTarget "MVVMAbbrivationTests" */ = {
			isa = XCConfigurationList;
			buildConfigurations = (
				868AF57127196060009C7BFD /* Debug */,
				868AF57227196060009C7BFD /* Release */,
			);
			defaultConfigurationIsVisible = 0;
			defaultConfigurationName = Release;
		};
		868AF57327196060009C7BFD /* Build configuration list for PBXNativeTarget "MVVMAbbrivationUITests" */ = {
			isa = XCConfigurationList;
			buildConfigurations = (
				868AF57427196060009C7BFD /* Debug */,
				868AF57527196060009C7BFD /* Release */,
			);
			defaultConfigurationIsVisible = 0;
			defaultConfigurationName = Release;
		};
/* End XCConfigurationList section */
	};
	rootObject = 868AF53B2719605C009C7BFD /* Project object */;
}
